// !$*UTF8*$!
{
	archiveVersion = 1;
	classes = {
	};
	objectVersion = 46;
	objects = {

/* Begin PBXBuildFile section */
		7BAC24051B8C069800B49D11 /* main.m in Sources */ = {isa = PBXBuildFile; fileRef = 7BAC24041B8C069800B49D11 /* main.m */; };
		7BAC24081B8C069800B49D11 /* AppDelegate.m in Sources */ = {isa = PBXBuildFile; fileRef = 7BAC24071B8C069800B49D11 /* AppDelegate.m */; };
		7BAC240B1B8C069800B49D11 /* RootViewController.m in Sources */ = {isa = PBXBuildFile; fileRef = 7BAC240A1B8C069800B49D11 /* RootViewController.m */; };
		7BAC240E1B8C069800B49D11 /* DataViewController.m in Sources */ = {isa = PBXBuildFile; fileRef = 7BAC240D1B8C069800B49D11 /* DataViewController.m */; };
		7BAC24111B8C069800B49D11 /* ModelController.m in Sources */ = {isa = PBXBuildFile; fileRef = 7BAC24101B8C069800B49D11 /* ModelController.m */; };
		7BAC24141B8C069800B49D11 /* Main.storyboard in Resources */ = {isa = PBXBuildFile; fileRef = 7BAC24121B8C069800B49D11 /* Main.storyboard */; };
		7BAC24161B8C069800B49D11 /* Assets.xcassets in Resources */ = {isa = PBXBuildFile; fileRef = 7BAC24151B8C069800B49D11 /* Assets.xcassets */; };
		7BAC24191B8C069800B49D11 /* LaunchScreen.storyboard in Resources */ = {isa = PBXBuildFile; fileRef = 7BAC24171B8C069800B49D11 /* LaunchScreen.storyboard */; };
		7BAC24241B8C069800B49D11 /* swipeContentViewerTests.m in Sources */ = {isa = PBXBuildFile; fileRef = 7BAC24231B8C069800B49D11 /* swipeContentViewerTests.m */; };
		7BAC242F1B8C069800B49D11 /* swipeContentViewerUITests.m in Sources */ = {isa = PBXBuildFile; fileRef = 7BAC242E1B8C069800B49D11 /* swipeContentViewerUITests.m */; };
		7BAC243F1B8C115700B49D11 /* apple.png in Resources */ = {isa = PBXBuildFile; fileRef = 7BAC243C1B8C115700B49D11 /* apple.png */; };
		7BAC24401B8C115700B49D11 /* dolphin.png in Resources */ = {isa = PBXBuildFile; fileRef = 7BAC243D1B8C115700B49D11 /* dolphin.png */; };
		7BAC24411B8C115700B49D11 /* pluto.png in Resources */ = {isa = PBXBuildFile; fileRef = 7BAC243E1B8C115700B49D11 /* pluto.png */; };
		7BAC24431B8C117E00B49D11 /* googlechrome.dmg in Resources */ = {isa = PBXBuildFile; fileRef = 7BAC24421B8C117E00B49D11 /* googlechrome.dmg */; };
/* End PBXBuildFile section */

/* Begin PBXContainerItemProxy section */
		7BAC24201B8C069800B49D11 /* PBXContainerItemProxy */ = {
			isa = PBXContainerItemProxy;
			containerPortal = 7BAC23F81B8C069700B49D11 /* Project object */;
			proxyType = 1;
			remoteGlobalIDString = 7BAC23FF1B8C069800B49D11;
			remoteInfo = swipeContentViewer;
		};
		7BAC242B1B8C069800B49D11 /* PBXContainerItemProxy */ = {
			isa = PBXContainerItemProxy;
			containerPortal = 7BAC23F81B8C069700B49D11 /* Project object */;
			proxyType = 1;
			remoteGlobalIDString = 7BAC23FF1B8C069800B49D11;
			remoteInfo = swipeContentViewer;
		};
/* End PBXContainerItemProxy section */

/* Begin PBXFileReference section */
		7BAC24001B8C069800B49D11 /* swipeContentViewer.app */ = {isa = PBXFileReference; explicitFileType = wrapper.application; includeInIndex = 0; path = swipeContentViewer.app; sourceTree = BUILT_PRODUCTS_DIR; };
		7BAC24041B8C069800B49D11 /* main.m */ = {isa = PBXFileReference; lastKnownFileType = sourcecode.c.objc; path = main.m; sourceTree = "<group>"; };
		7BAC24061B8C069800B49D11 /* AppDelegate.h */ = {isa = PBXFileReference; lastKnownFileType = sourcecode.c.h; path = AppDelegate.h; sourceTree = "<group>"; };
		7BAC24071B8C069800B49D11 /* AppDelegate.m */ = {isa = PBXFileReference; lastKnownFileType = sourcecode.c.objc; path = AppDelegate.m; sourceTree = "<group>"; };
		7BAC24091B8C069800B49D11 /* RootViewController.h */ = {isa = PBXFileReference; lastKnownFileType = sourcecode.c.h; path = RootViewController.h; sourceTree = "<group>"; };
		7BAC240A1B8C069800B49D11 /* RootViewController.m */ = {isa = PBXFileReference; lastKnownFileType = sourcecode.c.objc; path = RootViewController.m; sourceTree = "<group>"; };
		7BAC240C1B8C069800B49D11 /* DataViewController.h */ = {isa = PBXFileReference; lastKnownFileType = sourcecode.c.h; path = DataViewController.h; sourceTree = "<group>"; };
		7BAC240D1B8C069800B49D11 /* DataViewController.m */ = {isa = PBXFileReference; lastKnownFileType = sourcecode.c.objc; path = DataViewController.m; sourceTree = "<group>"; };
		7BAC240F1B8C069800B49D11 /* ModelController.h */ = {isa = PBXFileReference; lastKnownFileType = sourcecode.c.h; path = ModelController.h; sourceTree = "<group>"; };
		7BAC24101B8C069800B49D11 /* ModelController.m */ = {isa = PBXFileReference; lastKnownFileType = sourcecode.c.objc; path = ModelController.m; sourceTree = "<group>"; };
		7BAC24131B8C069800B49D11 /* Base */ = {isa = PBXFileReference; lastKnownFileType = file.storyboard; name = Base; path = Base.lproj/Main.storyboard; sourceTree = "<group>"; };
		7BAC24151B8C069800B49D11 /* Assets.xcassets */ = {isa = PBXFileReference; lastKnownFileType = folder.assetcatalog; path = Assets.xcassets; sourceTree = "<group>"; };
		7BAC24181B8C069800B49D11 /* Base */ = {isa = PBXFileReference; lastKnownFileType = file.storyboard; name = Base; path = Base.lproj/LaunchScreen.storyboard; sourceTree = "<group>"; };
		7BAC241A1B8C069800B49D11 /* Info.plist */ = {isa = PBXFileReference; lastKnownFileType = text.plist.xml; path = Info.plist; sourceTree = "<group>"; };
		7BAC241F1B8C069800B49D11 /* swipeContentViewerTests.xctest */ = {isa = PBXFileReference; explicitFileType = wrapper.cfbundle; includeInIndex = 0; path = swipeContentViewerTests.xctest; sourceTree = BUILT_PRODUCTS_DIR; };
		7BAC24231B8C069800B49D11 /* swipeContentViewerTests.m */ = {isa = PBXFileReference; lastKnownFileType = sourcecode.c.objc; path = swipeContentViewerTests.m; sourceTree = "<group>"; };
		7BAC24251B8C069800B49D11 /* Info.plist */ = {isa = PBXFileReference; lastKnownFileType = text.plist.xml; path = Info.plist; sourceTree = "<group>"; };
		7BAC242A1B8C069800B49D11 /* swipeContentViewerUITests.xctest */ = {isa = PBXFileReference; explicitFileType = wrapper.cfbundle; includeInIndex = 0; path = swipeContentViewerUITests.xctest; sourceTree = BUILT_PRODUCTS_DIR; };
		7BAC242E1B8C069800B49D11 /* swipeContentViewerUITests.m */ = {isa = PBXFileReference; lastKnownFileType = sourcecode.c.objc; path = swipeContentViewerUITests.m; sourceTree = "<group>"; };
		7BAC24301B8C069800B49D11 /* Info.plist */ = {isa = PBXFileReference; lastKnownFileType = text.plist.xml; path = Info.plist; sourceTree = "<group>"; };
		7BAC243C1B8C115700B49D11 /* apple.png */ = {isa = PBXFileReference; lastKnownFileType = image.png; name = apple.png; path = ../../../Downloads/apple.png; sourceTree = "<group>"; };
		7BAC243D1B8C115700B49D11 /* dolphin.png */ = {isa = PBXFileReference; lastKnownFileType = image.png; name = dolphin.png; path = ../../../Downloads/dolphin.png; sourceTree = "<group>"; };
		7BAC243E1B8C115700B49D11 /* pluto.png */ = {isa = PBXFileReference; lastKnownFileType = image.png; name = pluto.png; path = ../../../Downloads/pluto.png; sourceTree = "<group>"; };
		7BAC24421B8C117E00B49D11 /* googlechrome.dmg */ = {isa = PBXFileReference; lastKnownFileType = file; name = googlechrome.dmg; path = ../../../Downloads/googlechrome.dmg; sourceTree = "<group>"; };
/* End PBXFileReference section */

/* Begin PBXFrameworksBuildPhase section */
		7BAC23FD1B8C069800B49D11 /* Frameworks */ = {
			isa = PBXFrameworksBuildPhase;
			buildActionMask = 2147483647;
			files = (
			);
			runOnlyForDeploymentPostprocessing = 0;
		};
		7BAC241C1B8C069800B49D11 /* Frameworks */ = {
			isa = PBXFrameworksBuildPhase;
			buildActionMask = 2147483647;
			files = (
			);
			runOnlyForDeploymentPostprocessing = 0;
		};
		7BAC24271B8C069800B49D11 /* Frameworks */ = {
			isa = PBXFrameworksBuildPhase;
			buildActionMask = 2147483647;
			files = (
			);
			runOnlyForDeploymentPostprocessing = 0;
		};
/* End PBXFrameworksBuildPhase section */

/* Begin PBXGroup section */
		7BAC23F71B8C069700B49D11 = {
			isa = PBXGroup;
			children = (
				7BAC24021B8C069800B49D11 /* swipeContentViewer */,
				7BAC24221B8C069800B49D11 /* swipeContentViewerTests */,
				7BAC242D1B8C069800B49D11 /* swipeContentViewerUITests */,
				7BAC24011B8C069800B49D11 /* Products */,
			);
			sourceTree = "<group>";
		};
		7BAC24011B8C069800B49D11 /* Products */ = {
			isa = PBXGroup;
			children = (
				7BAC24001B8C069800B49D11 /* swipeContentViewer.app */,
				7BAC241F1B8C069800B49D11 /* swipeContentViewerTests.xctest */,
				7BAC242A1B8C069800B49D11 /* swipeContentViewerUITests.xctest */,
			);
			name = Products;
			sourceTree = "<group>";
		};
		7BAC24021B8C069800B49D11 /* swipeContentViewer */ = {
			isa = PBXGroup;
			children = (
				7BAC24061B8C069800B49D11 /* AppDelegate.h */,
				7BAC24071B8C069800B49D11 /* AppDelegate.m */,
				7BAC24091B8C069800B49D11 /* RootViewController.h */,
				7BAC240A1B8C069800B49D11 /* RootViewController.m */,
				7BAC240C1B8C069800B49D11 /* DataViewController.h */,
				7BAC240D1B8C069800B49D11 /* DataViewController.m */,
				7BAC240F1B8C069800B49D11 /* ModelController.h */,
				7BAC24101B8C069800B49D11 /* ModelController.m */,
				7BAC24121B8C069800B49D11 /* Main.storyboard */,
				7BAC24151B8C069800B49D11 /* Assets.xcassets */,
				7BAC24421B8C117E00B49D11 /* googlechrome.dmg */,
				7BAC243C1B8C115700B49D11 /* apple.png */,
				7BAC243D1B8C115700B49D11 /* dolphin.png */,
				7BAC243E1B8C115700B49D11 /* pluto.png */,
				7BAC24171B8C069800B49D11 /* LaunchScreen.storyboard */,
				7BAC241A1B8C069800B49D11 /* Info.plist */,
				7BAC24031B8C069800B49D11 /* Supporting Files */,
			);
			path = swipeContentViewer;
			sourceTree = "<group>";
		};
		7BAC24031B8C069800B49D11 /* Supporting Files */ = {
			isa = PBXGroup;
			children = (
				7BAC24041B8C069800B49D11 /* main.m */,
			);
			name = "Supporting Files";
			sourceTree = "<group>";
		};
		7BAC24221B8C069800B49D11 /* swipeContentViewerTests */ = {
			isa = PBXGroup;
			children = (
				7BAC24231B8C069800B49D11 /* swipeContentViewerTests.m */,
				7BAC24251B8C069800B49D11 /* Info.plist */,
			);
			path = swipeContentViewerTests;
			sourceTree = "<group>";
		};
		7BAC242D1B8C069800B49D11 /* swipeContentViewerUITests */ = {
			isa = PBXGroup;
			children = (
				7BAC242E1B8C069800B49D11 /* swipeContentViewerUITests.m */,
				7BAC24301B8C069800B49D11 /* Info.plist */,
			);
			path = swipeContentViewerUITests;
			sourceTree = "<group>";
		};
/* End PBXGroup section */

/* Begin PBXNativeTarget section */
		7BAC23FF1B8C069800B49D11 /* swipeContentViewer */ = {
			isa = PBXNativeTarget;
			buildConfigurationList = 7BAC24331B8C069800B49D11 /* Build configuration list for PBXNativeTarget "swipeContentViewer" */;
			buildPhases = (
				7BAC23FC1B8C069800B49D11 /* Sources */,
				7BAC23FD1B8C069800B49D11 /* Frameworks */,
				7BAC23FE1B8C069800B49D11 /* Resources */,
			);
			buildRules = (
			);
			dependencies = (
			);
			name = swipeContentViewer;
			productName = swipeContentViewer;
			productReference = 7BAC24001B8C069800B49D11 /* swipeContentViewer.app */;
			productType = "com.apple.product-type.application";
		};
		7BAC241E1B8C069800B49D11 /* swipeContentViewerTests */ = {
			isa = PBXNativeTarget;
			buildConfigurationList = 7BAC24361B8C069800B49D11 /* Build configuration list for PBXNativeTarget "swipeContentViewerTests" */;
			buildPhases = (
				7BAC241B1B8C069800B49D11 /* Sources */,
				7BAC241C1B8C069800B49D11 /* Frameworks */,
				7BAC241D1B8C069800B49D11 /* Resources */,
			);
			buildRules = (
			);
			dependencies = (
				7BAC24211B8C069800B49D11 /* PBXTargetDependency */,
			);
			name = swipeContentViewerTests;
			productName = swipeContentViewerTests;
			productReference = 7BAC241F1B8C069800B49D11 /* swipeContentViewerTests.xctest */;
			productType = "com.apple.product-type.bundle.unit-test";
		};
		7BAC24291B8C069800B49D11 /* swipeContentViewerUITests */ = {
			isa = PBXNativeTarget;
			buildConfigurationList = 7BAC24391B8C069800B49D11 /* Build configuration list for PBXNativeTarget "swipeContentViewerUITests" */;
			buildPhases = (
				7BAC24261B8C069800B49D11 /* Sources */,
				7BAC24271B8C069800B49D11 /* Frameworks */,
				7BAC24281B8C069800B49D11 /* Resources */,
			);
			buildRules = (
			);
			dependencies = (
				7BAC242C1B8C069800B49D11 /* PBXTargetDependency */,
			);
			name = swipeContentViewerUITests;
			productName = swipeContentViewerUITests;
			productReference = 7BAC242A1B8C069800B49D11 /* swipeContentViewerUITests.xctest */;
			productType = "com.apple.product-type.bundle.ui-testing";
		};
/* End PBXNativeTarget section */

/* Begin PBXProject section */
		7BAC23F81B8C069700B49D11 /* Project object */ = {
			isa = PBXProject;
			attributes = {
				LastUpgradeCheck = 0700;
				ORGANIZATIONNAME = "Randy Yang";
				TargetAttributes = {
					7BAC23FF1B8C069800B49D11 = {
						CreatedOnToolsVersion = 7.0;
						DevelopmentTeam = N3CFX37HM2;
					};
					7BAC241E1B8C069800B49D11 = {
						CreatedOnToolsVersion = 7.0;
						DevelopmentTeam = RE52DUF5M3;
						TestTargetID = 7BAC23FF1B8C069800B49D11;
					};
					7BAC24291B8C069800B49D11 = {
						CreatedOnToolsVersion = 7.0;
						DevelopmentTeam = RE52DUF5M3;
						TestTargetID = 7BAC23FF1B8C069800B49D11;
					};
				};
			};
			buildConfigurationList = 7BAC23FB1B8C069700B49D11 /* Build configuration list for PBXProject "swipeContentViewer" */;
			compatibilityVersion = "Xcode 3.2";
			developmentRegion = English;
			hasScannedForEncodings = 0;
			knownRegions = (
				en,
				Base,
			);
			mainGroup = 7BAC23F71B8C069700B49D11;
			productRefGroup = 7BAC24011B8C069800B49D11 /* Products */;
			projectDirPath = "";
			projectRoot = "";
			targets = (
				7BAC23FF1B8C069800B49D11 /* swipeContentViewer */,
				7BAC241E1B8C069800B49D11 /* swipeContentViewerTests */,
				7BAC24291B8C069800B49D11 /* swipeContentViewerUITests */,
			);
		};
/* End PBXProject section */

/* Begin PBXResourcesBuildPhase section */
		7BAC23FE1B8C069800B49D11 /* Resources */ = {
			isa = PBXResourcesBuildPhase;
			buildActionMask = 2147483647;
			files = (
				7BAC24191B8C069800B49D11 /* LaunchScreen.storyboard in Resources */,
				7BAC24401B8C115700B49D11 /* dolphin.png in Resources */,
				7BAC24411B8C115700B49D11 /* pluto.png in Resources */,
				7BAC24161B8C069800B49D11 /* Assets.xcassets in Resources */,
				7BAC243F1B8C115700B49D11 /* apple.png in Resources */,
				7BAC24431B8C117E00B49D11 /* googlechrome.dmg in Resources */,
				7BAC24141B8C069800B49D11 /* Main.storyboard in Resources */,
			);
			runOnlyForDeploymentPostprocessing = 0;
		};
		7BAC241D1B8C069800B49D11 /* Resources */ = {
			isa = PBXResourcesBuildPhase;
			buildActionMask = 2147483647;
			files = (
			);
			runOnlyForDeploymentPostprocessing = 0;
		};
		7BAC24281B8C069800B49D11 /* Resources */ = {
			isa = PBXResourcesBuildPhase;
			buildActionMask = 2147483647;
			files = (
			);
			runOnlyForDeploymentPostprocessing = 0;
		};
/* End PBXResourcesBuildPhase section */

/* Begin PBXSourcesBuildPhase section */
		7BAC23FC1B8C069800B49D11 /* Sources */ = {
			isa = PBXSourcesBuildPhase;
			buildActionMask = 2147483647;
			files = (
				7BAC240E1B8C069800B49D11 /* DataViewController.m in Sources */,
				7BAC24081B8C069800B49D11 /* AppDelegate.m in Sources */,
				7BAC24111B8C069800B49D11 /* ModelController.m in Sources */,
				7BAC24051B8C069800B49D11 /* main.m in Sources */,
				7BAC240B1B8C069800B49D11 /* RootViewController.m in Sources */,
			);
			runOnlyForDeploymentPostprocessing = 0;
		};
		7BAC241B1B8C069800B49D11 /* Sources */ = {
			isa = PBXSourcesBuildPhase;
			buildActionMask = 2147483647;
			files = (
				7BAC24241B8C069800B49D11 /* swipeContentViewerTests.m in Sources */,
			);
			runOnlyForDeploymentPostprocessing = 0;
		};
		7BAC24261B8C069800B49D11 /* Sources */ = {
			isa = PBXSourcesBuildPhase;
			buildActionMask = 2147483647;
			files = (
				7BAC242F1B8C069800B49D11 /* swipeContentViewerUITests.m in Sources */,
			);
			runOnlyForDeploymentPostprocessing = 0;
		};
/* End PBXSourcesBuildPhase section */

/* Begin PBXTargetDependency section */
		7BAC24211B8C069800B49D11 /* PBXTargetDependency */ = {
			isa = PBXTargetDependency;
			target = 7BAC23FF1B8C069800B49D11 /* swipeContentViewer */;
			targetProxy = 7BAC24201B8C069800B49D11 /* PBXContainerItemProxy */;
		};
		7BAC242C1B8C069800B49D11 /* PBXTargetDependency */ = {
			isa = PBXTargetDependency;
			target = 7BAC23FF1B8C069800B49D11 /* swipeContentViewer */;
			targetProxy = 7BAC242B1B8C069800B49D11 /* PBXContainerItemProxy */;
		};
/* End PBXTargetDependency section */

/* Begin PBXVariantGroup section */
		7BAC24121B8C069800B49D11 /* Main.storyboard */ = {
			isa = PBXVariantGroup;
			children = (
				7BAC24131B8C069800B49D11 /* Base */,
			);
			name = Main.storyboard;
			sourceTree = "<group>";
		};
		7BAC24171B8C069800B49D11 /* LaunchScreen.storyboard */ = {
			isa = PBXVariantGroup;
			children = (
				7BAC24181B8C069800B49D11 /* Base */,
			);
			name = LaunchScreen.storyboard;
			sourceTree = "<group>";
		};
/* End PBXVariantGroup section */

/* Begin XCBuildConfiguration section */
		7BAC24311B8C069800B49D11 /* Debug */ = {
			isa = XCBuildConfiguration;
			buildSettings = {
				ALWAYS_SEARCH_USER_PATHS = NO;
				CLANG_CXX_LANGUAGE_STANDARD = "gnu++0x";
				CLANG_CXX_LIBRARY = "libc++";
				CLANG_ENABLE_MODULES = YES;
				CLANG_ENABLE_OBJC_ARC = YES;
				CLANG_WARN_BOOL_CONVERSION = YES;
				CLANG_WARN_CONSTANT_CONVERSION = YES;
				CLANG_WARN_DIRECT_OBJC_ISA_USAGE = YES_ERROR;
				CLANG_WARN_EMPTY_BODY = YES;
				CLANG_WARN_ENUM_CONVERSION = YES;
				CLANG_WARN_INT_CONVERSION = YES;
				CLANG_WARN_OBJC_ROOT_CLASS = YES_ERROR;
				CLANG_WARN_UNREACHABLE_CODE = YES;
				CLANG_WARN__DUPLICATE_METHOD_MATCH = YES;
				"CODE_SIGN_IDENTITY[sdk=iphoneos*]" = "iPhone Developer";
				COPY_PHASE_STRIP = NO;
				DEBUG_INFORMATION_FORMAT = dwarf;
				ENABLE_STRICT_OBJC_MSGSEND = YES;
				ENABLE_TESTABILITY = YES;
				GCC_C_LANGUAGE_STANDARD = gnu99;
				GCC_DYNAMIC_NO_PIC = NO;
				GCC_NO_COMMON_BLOCKS = YES;
				GCC_OPTIMIZATION_LEVEL = 0;
				GCC_PREPROCESSOR_DEFINITIONS = (
					"DEBUG=1",
					"$(inherited)",
				);
				GCC_WARN_64_TO_32_BIT_CONVERSION = YES;
				GCC_WARN_ABOUT_RETURN_TYPE = YES_ERROR;
				GCC_WARN_UNDECLARED_SELECTOR = YES;
				GCC_WARN_UNINITIALIZED_AUTOS = YES_AGGRESSIVE;
				GCC_WARN_UNUSED_FUNCTION = YES;
				GCC_WARN_UNUSED_VARIABLE = YES;
				IPHONEOS_DEPLOYMENT_TARGET = 9.0;
				MTL_ENABLE_DEBUG_INFO = YES;
				ONLY_ACTIVE_ARCH = YES;
				SDKROOT = iphoneos;
				TARGETED_DEVICE_FAMILY = "1,2";
			};
			name = Debug;
		};
		7BAC24321B8C069800B49D11 /* Release */ = {
			isa = XCBuildConfiguration;
			buildSettings = {
				ALWAYS_SEARCH_USER_PATHS = NO;
				CLANG_CXX_LANGUAGE_STANDARD = "gnu++0x";
				CLANG_CXX_LIBRARY = "libc++";
				CLANG_ENABLE_MODULES = YES;
				CLANG_ENABLE_OBJC_ARC = YES;
				CLANG_WARN_BOOL_CONVERSION = YES;
				CLANG_WARN_CONSTANT_CONVERSION = YES;
				CLANG_WARN_DIRECT_OBJC_ISA_USAGE = YES_ERROR;
				CLANG_WARN_EMPTY_BODY = YES;
				CLANG_WARN_ENUM_CONVERSION = YES;
				CLANG_WARN_INT_CONVERSION = YES;
				CLANG_WARN_OBJC_ROOT_CLASS = YES_ERROR;
				CLANG_WARN_UNREACHABLE_CODE = YES;
				CLANG_WARN__DUPLICATE_METHOD_MATCH = YES;
				"CODE_SIGN_IDENTITY[sdk=iphoneos*]" = "iPhone Developer";
				COPY_PHASE_STRIP = NO;
				DEBUG_INFORMATION_FORMAT = "dwarf-with-dsym";
				ENABLE_NS_ASSERTIONS = NO;
				ENABLE_STRICT_OBJC_MSGSEND = YES;
				GCC_C_LANGUAGE_STANDARD = gnu99;
				GCC_NO_COMMON_BLOCKS = YES;
				GCC_WARN_64_TO_32_BIT_CONVERSION = YES;
				GCC_WARN_ABOUT_RETURN_TYPE = YES_ERROR;
				GCC_WARN_UNDECLARED_SELECTOR = YES;
				GCC_WARN_UNINITIALIZED_AUTOS = YES_AGGRESSIVE;
				GCC_WARN_UNUSED_FUNCTION = YES;
				GCC_WARN_UNUSED_VARIABLE = YES;
				IPHONEOS_DEPLOYMENT_TARGET = 9.0;
				MTL_ENABLE_DEBUG_INFO = NO;
				SDKROOT = iphoneos;
				TARGETED_DEVICE_FAMILY = "1,2";
				VALIDATE_PRODUCT = YES;
			};
			name = Release;
		};
		7BAC24341B8C069800B49D11 /* Debug */ = {
			isa = XCBuildConfiguration;
			buildSettings = {
				ASSETCATALOG_COMPILER_APPICON_NAME = AppIcon;
				CODE_SIGN_IDENTITY = "iPhone Developer";
				INFOPLIST_FILE = swipeContentViewer/Info.plist;
				IPHONEOS_DEPLOYMENT_TARGET = 8.0;
				LD_RUNPATH_SEARCH_PATHS = "$(inherited) @executable_path/Frameworks";
				PRODUCT_BUNDLE_IDENTIFIER = com.randy.swipeContentViewer;
				PRODUCT_NAME = "$(TARGET_NAME)";
				TARGETED_DEVICE_FAMILY = "1,2";
			};
			name = Debug;
		};
		7BAC24351B8C069800B49D11 /* Release */ = {
			isa = XCBuildConfiguration;
			buildSettings = {
				ASSETCATALOG_COMPILER_APPICON_NAME = AppIcon;
				CODE_SIGN_IDENTITY = "iPhone Developer";
				INFOPLIST_FILE = swipeContentViewer/Info.plist;
				IPHONEOS_DEPLOYMENT_TARGET = 8.0;
				LD_RUNPATH_SEARCH_PATHS = "$(inherited) @executable_path/Frameworks";
				PRODUCT_BUNDLE_IDENTIFIER = com.randy.swipeContentViewer;
				PRODUCT_NAME = "$(TARGET_NAME)";
				TARGETED_DEVICE_FAMILY = "1,2";
			};
			name = Release;
		};
		7BAC24371B8C069800B49D11 /* Debug */ = {
			isa = XCBuildConfiguration;
			buildSettings = {
				BUNDLE_LOADER = "$(TEST_HOST)";
				INFOPLIST_FILE = swipeContentViewerTests/Info.plist;
				LD_RUNPATH_SEARCH_PATHS = "$(inherited) @executable_path/Frameworks @loader_path/Frameworks";
				PRODUCT_BUNDLE_IDENTIFIER = com.randy.swipeContentViewerTests;
				PRODUCT_NAME = "$(TARGET_NAME)";
				TEST_HOST = "$(BUILT_PRODUCTS_DIR)/swipeContentViewer.app/swipeContentViewer";
			};
			name = Debug;
		};
		7BAC24381B8C069800B49D11 /* Release */ = {
			isa = XCBuildConfiguration;
			buildSettings = {
				BUNDLE_LOADER = "$(TEST_HOST)";
				INFOPLIST_FILE = swipeContentViewerTests/Info.plist;
				LD_RUNPATH_SEARCH_PATHS = "$(inherited) @executable_path/Frameworks @loader_path/Frameworks";
				PRODUCT_BUNDLE_IDENTIFIER = com.randy.swipeContentViewerTests;
				PRODUCT_NAME = "$(TARGET_NAME)";
				TEST_HOST = "$(BUILT_PRODUCTS_DIR)/swipeContentViewer.app/swipeContentViewer";
			};
			name = Release;
		};
		7BAC243A1B8C069800B49D11 /* Debug */ = {
			isa = XCBuildConfiguration;
			buildSettings = {
				INFOPLIST_FILE = swipeContentViewerUITests/Info.plist;
				LD_RUNPATH_SEARCH_PATHS = "$(inherited) @executable_path/Frameworks @loader_path/Frameworks";
				PRODUCT_BUNDLE_IDENTIFIER = com.randy.swipeContentViewerUITests;
				PRODUCT_NAME = "$(TARGET_NAME)";
				TEST_TARGET_NAME = swipeContentViewer;
				USES_XCTRUNNER = YES;
			};
			name = Debug;
		};
		7BAC243B1B8C069800B49D11 /* Release */ = {
			isa = XCBuildConfiguration;
			buildSettings = {
				INFOPLIST_FILE = swipeContentViewerUITests/Info.plist;
				LD_RUNPATH_SEARCH_PATHS = "$(inherited) @executable_path/Frameworks @loader_path/Frameworks";
				PRODUCT_BUNDLE_IDENTIFIER = com.randy.swipeContentViewerUITests;
				PRODUCT_NAME = "$(TARGET_NAME)";
				TEST_TARGET_NAME = swipeContentViewer;
				USES_XCTRUNNER = YES;
			};
			name = Release;
		};
/* End XCBuildConfiguration section */

/* Begin XCConfigurationList section */
		7BAC23FB1B8C069700B49D11 /* Build configuration list for PBXProject "swipeContentViewer" */ = {
			isa = XCConfigurationList;
			buildConfigurations = (
				7BAC24311B8C069800B49D11 /* Debug */,
				7BAC24321B8C069800B49D11 /* Release */,
			);
			defaultConfigurationIsVisible = 0;
			defaultConfigurationName = Release;
		};
		7BAC24331B8C069800B49D11 /* Build configuration list for PBXNativeTarget "swipeContentViewer" */ = {
			isa = XCConfigurationList;
			buildConfigurations = (
				7BAC24341B8C069800B49D11 /* Debug */,
				7BAC24351B8C069800B49D11 /* Release */,
			);
			defaultConfigurationIsVisible = 0;
		};
		7BAC24361B8C069800B49D11 /* Build configuration list for PBXNativeTarget "swipeContentViewerTests" */ = {
			isa = XCConfigurationList;
			buildConfigurations = (
				7BAC24371B8C069800B49D11 /* Debug */,
				7BAC24381B8C069800B49D11 /* Release */,
			);
			defaultConfigurationIsVisible = 0;
		};
		7BAC24391B8C069800B49D11 /* Build configuration list for PBXNativeTarget "swipeContentViewerUITests" */ = {
			isa = XCConfigurationList;
			buildConfigurations = (
				7BAC243A1B8C069800B49D11 /* Debug */,
				7BAC243B1B8C069800B49D11 /* Release */,
			);
			defaultConfigurationIsVisible = 0;
		};
/* End XCConfigurationList section */
	};
	rootObject = 7BAC23F81B8C069700B49D11 /* Project object */;
}
